<?xml version="1.0" encoding="utf-8"?>
<Project ToolsVersion="4.0" xmlns="http://schemas.microsoft.com/developer/msbuild/2003">
  <ItemGroup>
    <Filter Include="리소스 파일">
      <UniqueIdentifier>{67DA6AB6-F800-4c08-8B7A-83BB121AAD01}</UniqueIdentifier>
      <Extensions>rc;ico;cur;bmp;dlg;rc2;rct;bin;rgs;gif;jpg;jpeg;jpe;resx;tiff;tif;png;wav;mfcribbon-ms</Extensions>
    </Filter>
    <Filter Include="99.Headers">
      <UniqueIdentifier>{722a2653-77fc-49bf-bd5e-96cccd3ce93d}</UniqueIdentifier>
    </Filter>
    <Filter Include="00.Core">
      <UniqueIdentifier>{c7f45329-83fe-4daf-a424-898c398ae0dc}</UniqueIdentifier>
    </Filter>
    <Filter Include="Test">
      <UniqueIdentifier>{ca49fc2d-9a4c-45fa-9eaf-a8dbf1d0cc47}</UniqueIdentifier>
    </Filter>
    <Filter Include="Test\Domains">
      <UniqueIdentifier>{f37969b7-936d-449d-aa07-0ca20f265a74}</UniqueIdentifier>
    </Filter>
    <Filter Include="Test\Entities">
      <UniqueIdentifier>{55a9466f-df9e-4d92-91aa-eda1c86f01c5}</UniqueIdentifier>
    </Filter>
    <Filter Include="Test\Layers">
      <UniqueIdentifier>{adea68c3-e242-4843-8034-6c203d3e33fa}</UniqueIdentifier>
    </Filter>
  </ItemGroup>
  <ItemGroup>
    <ClInclude Include="Client.h">
      <Filter>99.Headers</Filter>
    </ClInclude>
    <ClInclude Include="framework.h">
      <Filter>99.Headers</Filter>
    </ClInclude>
    <ClInclude Include="Resource.h">
      <Filter>99.Headers</Filter>
    </ClInclude>
    <ClInclude Include="targetver.h">
      <Filter>99.Headers</Filter>
    </ClInclude>
    <ClInclude Include="MyNexus.h">
      <Filter>00.Core</Filter>
    </ClInclude>
    <ClInclude Include="TestDomain.h">
      <Filter>Test\Domains</Filter>
    </ClInclude>
    <ClInclude Include="TestEntity.h">
      <Filter>Test\Entities</Filter>
    </ClInclude>
    <ClInclude Include="TestLayer.h">
      <Filter>Test\Layers</Filter>
    </ClInclude>
    <ClInclude Include="ITestLayerFunction.h">
      <Filter>Test\Layers</Filter>
    </ClInclude>
    <ClInclude Include="IProtoLayerFunction.h">
      <Filter>Test\Layers</Filter>
    </ClInclude>
  </ItemGroup>
  <ItemGroup>
    <ResourceCompile Include="Client.rc">
      <Filter>리소스 파일</Filter>
    </ResourceCompile>
  </ItemGroup>
  <ItemGroup>
    <Image Include="small.ico">
      <Filter>리소스 파일</Filter>
    </Image>
    <Image Include="Client.ico">
      <Filter>리소스 파일</Filter>
    </Image>
  </ItemGroup>
  <ItemGroup>
    <ClCompile Include="Client.cpp">
      <Filter>00.Core</Filter>
    </ClCompile>
    <ClCompile Include="MyNexus.cpp">
      <Filter>00.Core</Filter>
    </ClCompile>
    <ClCompile Include="TestDomain.cpp">
      <Filter>Test\Domains</Filter>
    </ClCompile>
    <ClCompile Include="TestEntity.cpp">
      <Filter>Test\Entities</Filter>
    </ClCompile>
    <ClCompile Include="TestLayer.cpp">
      <Filter>Test\Layers</Filter>
    </ClCompile>
  </ItemGroup>
</Project>