<?xml version="1.0" encoding="utf-8"?>
<Project ToolsVersion="4.0" xmlns="http://schemas.microsoft.com/developer/msbuild/2003">
  <ItemGroup>
    <Filter Include="리소스 파일">
      <UniqueIdentifier>{67DA6AB6-F800-4c08-8B7A-83BB121AAD01}</UniqueIdentifier>
      <Extensions>rc;ico;cur;bmp;dlg;rc2;rct;bin;rgs;gif;jpg;jpeg;jpe;resx;tiff;tif;png;wav;mfcribbon-ms</Extensions>
    </Filter>
    <Filter Include="Engine">
      <UniqueIdentifier>{a6eee69c-3302-4698-b153-a9c30b0af579}</UniqueIdentifier>
    </Filter>
    <Filter Include="Resources">
      <UniqueIdentifier>{577a62d3-2d4f-4ae3-987f-1480330e1c9b}</UniqueIdentifier>
    </Filter>
    <Filter Include="Utils">
      <UniqueIdentifier>{c2902ddf-2eb0-4f35-ab9a-9536814bf34b}</UniqueIdentifier>
    </Filter>
    <Filter Include="Engine\00.Core">
      <UniqueIdentifier>{f6010282-bdc8-4244-9658-5a978f232fbb}</UniqueIdentifier>
    </Filter>
    <Filter Include="Engine\99.Headers">
      <UniqueIdentifier>{f3260f54-b8e6-41ba-961b-955477eb31da}</UniqueIdentifier>
    </Filter>
    <Filter Include="Engine\01.Domains">
      <UniqueIdentifier>{65e076ec-6165-477c-914d-6cc58828d4ee}</UniqueIdentifier>
    </Filter>
    <Filter Include="Engine\02.Layers">
      <UniqueIdentifier>{a2298728-7938-4740-9830-9babccf14eee}</UniqueIdentifier>
    </Filter>
    <Filter Include="Engine\03.Component">
      <UniqueIdentifier>{7cc4cb8f-e08a-4766-afb4-6f5215aea520}</UniqueIdentifier>
    </Filter>
    <Filter Include="Engine\04.Entity">
      <UniqueIdentifier>{fc067e9a-657a-4898-93b3-b46793c392e4}</UniqueIdentifier>
    </Filter>
  </ItemGroup>
  <ItemGroup>
    <ClCompile Include="Nexus.cpp">
      <Filter>Engine\00.Core</Filter>
    </ClCompile>
    <ClCompile Include="pch.cpp">
      <Filter>Engine\99.Headers</Filter>
    </ClCompile>
    <ClCompile Include="T_Nexus.cpp">
      <Filter>Engine\00.Core</Filter>
    </ClCompile>
    <ClCompile Include="Domain.cpp">
      <Filter>Engine\01.Domains</Filter>
    </ClCompile>
    <ClCompile Include="Layer.cpp">
      <Filter>Engine\02.Layers</Filter>
    </ClCompile>
    <ClCompile Include="RenderLayer.cpp">
      <Filter>Engine\02.Layers</Filter>
    </ClCompile>
    <ClCompile Include="UpdateLayer.cpp">
      <Filter>Engine\02.Layers</Filter>
    </ClCompile>
    <ClCompile Include="Entity.cpp">
      <Filter>Engine\04.Entity</Filter>
    </ClCompile>
    <ClCompile Include="Component.cpp">
      <Filter>Engine\03.Component</Filter>
    </ClCompile>
  </ItemGroup>
  <ItemGroup>
    <ClInclude Include="Nexus.h">
      <Filter>Engine\00.Core</Filter>
    </ClInclude>
    <ClInclude Include="pch.h">
      <Filter>Engine\99.Headers</Filter>
    </ClInclude>
    <ClInclude Include="T_Nexus.h">
      <Filter>Engine\00.Core</Filter>
    </ClInclude>
    <ClInclude Include="Domain.h">
      <Filter>Engine\01.Domains</Filter>
    </ClInclude>
    <ClInclude Include="Layer.h">
      <Filter>Engine\02.Layers</Filter>
    </ClInclude>
    <ClInclude Include="RenderLayer.h">
      <Filter>Engine\02.Layers</Filter>
    </ClInclude>
    <ClInclude Include="LayerPriority.h">
      <Filter>Engine\02.Layers</Filter>
    </ClInclude>
    <ClInclude Include="UpdateLayer.h">
      <Filter>Engine\02.Layers</Filter>
    </ClInclude>
    <ClInclude Include="Entity.h">
      <Filter>Engine\04.Entity</Filter>
    </ClInclude>
    <ClInclude Include="Component.h">
      <Filter>Engine\03.Component</Filter>
    </ClInclude>
  </ItemGroup>
</Project>